// !$*UTF8*$!
{
	archiveVersion = 1;
	classes = {
	};
	objectVersion = 46;
	objects = {

/* Begin PBXBuildFile section */
		E11A8509208D3E75001B1AE6 /* AppDelegate.swift in Sources */ = {isa = PBXBuildFile; fileRef = E11A8508208D3E75001B1AE6 /* AppDelegate.swift */; };
		E11A850D208D3E75001B1AE6 /* Actions.sks in Resources */ = {isa = PBXBuildFile; fileRef = E11A850C208D3E75001B1AE6 /* Actions.sks */; };
		E11A850F208D3E75001B1AE6 /* GameScene.swift in Sources */ = {isa = PBXBuildFile; fileRef = E11A850E208D3E75001B1AE6 /* GameScene.swift */; };
		E11A8511208D3E75001B1AE6 /* GameViewController.swift in Sources */ = {isa = PBXBuildFile; fileRef = E11A8510208D3E75001B1AE6 /* GameViewController.swift */; };
		E11A8514208D3E75001B1AE6 /* Main.storyboard in Resources */ = {isa = PBXBuildFile; fileRef = E11A8512208D3E75001B1AE6 /* Main.storyboard */; };
		E11A8516208D3E75001B1AE6 /* Assets.xcassets in Resources */ = {isa = PBXBuildFile; fileRef = E11A8515208D3E75001B1AE6 /* Assets.xcassets */; };
		E11A8519208D3E75001B1AE6 /* LaunchScreen.storyboard in Resources */ = {isa = PBXBuildFile; fileRef = E11A8517208D3E75001B1AE6 /* LaunchScreen.storyboard */; };
		E11A8524208D3E75001B1AE6 /* GridTestTests.swift in Sources */ = {isa = PBXBuildFile; fileRef = E11A8523208D3E75001B1AE6 /* GridTestTests.swift */; };
		E11A852F208D3E75001B1AE6 /* GridTestUITests.swift in Sources */ = {isa = PBXBuildFile; fileRef = E11A852E208D3E75001B1AE6 /* GridTestUITests.swift */; };
		E11A853D208D3E89001B1AE6 /* Grid.swift in Sources */ = {isa = PBXBuildFile; fileRef = E11A853C208D3E89001B1AE6 /* Grid.swift */; };
		E184FCCD2091A5BD004D45F9 /* GameOverScene.swift in Sources */ = {isa = PBXBuildFile; fileRef = E184FCCC2091A5BD004D45F9 /* GameOverScene.swift */; };
		E184FCD42091B8DF004D45F9 /* pacman_beginning.wav in Resources */ = {isa = PBXBuildFile; fileRef = E184FCCE2091B8DF004D45F9 /* pacman_beginning.wav */; };
		E184FCD52091B8DF004D45F9 /* pacman_chomp.wav in Resources */ = {isa = PBXBuildFile; fileRef = E184FCCF2091B8DF004D45F9 /* pacman_chomp.wav */; };
		E184FCD62091B8DF004D45F9 /* pacman_death.wav in Resources */ = {isa = PBXBuildFile; fileRef = E184FCD02091B8DF004D45F9 /* pacman_death.wav */; };
		E184FCD72091B8DF004D45F9 /* pacman_eatfruit.wav in Resources */ = {isa = PBXBuildFile; fileRef = E184FCD12091B8DF004D45F9 /* pacman_eatfruit.wav */; };
		E184FCD82091B8DF004D45F9 /* pacman_eatghost.wav in Resources */ = {isa = PBXBuildFile; fileRef = E184FCD22091B8DF004D45F9 /* pacman_eatghost.wav */; };
		E184FCD92091B8DF004D45F9 /* pacman_intermission.wav in Resources */ = {isa = PBXBuildFile; fileRef = E184FCD32091B8DF004D45F9 /* pacman_intermission.wav */; };
		E184FCDB2091BCD5004D45F9 /* VictoryScene.swift in Sources */ = {isa = PBXBuildFile; fileRef = E184FCDA2091BCD5004D45F9 /* VictoryScene.swift */; };
		E1D6A0F6208D41680012F21B /* map.txt in Resources */ = {isa = PBXBuildFile; fileRef = E1D6A0F5208D41680012F21B /* map.txt */; };
		E1D6A0F8208D47660012F21B /* BreadthFirstSearch.swift in Sources */ = {isa = PBXBuildFile; fileRef = E1D6A0F7208D47660012F21B /* BreadthFirstSearch.swift */; };
		E1D6A0FA208D4A4D0012F21B /* Structures.swift in Sources */ = {isa = PBXBuildFile; fileRef = E1D6A0F9208D4A4D0012F21B /* Structures.swift */; };
		E1D6A0FC208D4DB20012F21B /* MapManager.swift in Sources */ = {isa = PBXBuildFile; fileRef = E1D6A0FB208D4DB20012F21B /* MapManager.swift */; };
/* End PBXBuildFile section */

/* Begin PBXContainerItemProxy section */
		E11A8520208D3E75001B1AE6 /* PBXContainerItemProxy */ = {
			isa = PBXContainerItemProxy;
			containerPortal = E11A84FD208D3E75001B1AE6 /* Project object */;
			proxyType = 1;
			remoteGlobalIDString = E11A8504208D3E75001B1AE6;
			remoteInfo = GridTest;
		};
		E11A852B208D3E75001B1AE6 /* PBXContainerItemProxy */ = {
			isa = PBXContainerItemProxy;
			containerPortal = E11A84FD208D3E75001B1AE6 /* Project object */;
			proxyType = 1;
			remoteGlobalIDString = E11A8504208D3E75001B1AE6;
			remoteInfo = GridTest;
		};
/* End PBXContainerItemProxy section */

/* Begin PBXFileReference section */
		E11A8505208D3E75001B1AE6 /* GridTest.app */ = {isa = PBXFileReference; explicitFileType = wrapper.application; includeInIndex = 0; path = GridTest.app; sourceTree = BUILT_PRODUCTS_DIR; };
		E11A8508208D3E75001B1AE6 /* AppDelegate.swift */ = {isa = PBXFileReference; lastKnownFileType = sourcecode.swift; path = AppDelegate.swift; sourceTree = "<group>"; };
		E11A850C208D3E75001B1AE6 /* Actions.sks */ = {isa = PBXFileReference; lastKnownFileType = file.sks; path = Actions.sks; sourceTree = "<group>"; };
		E11A850E208D3E75001B1AE6 /* GameScene.swift */ = {isa = PBXFileReference; lastKnownFileType = sourcecode.swift; path = GameScene.swift; sourceTree = "<group>"; };
		E11A8510208D3E75001B1AE6 /* GameViewController.swift */ = {isa = PBXFileReference; lastKnownFileType = sourcecode.swift; path = GameViewController.swift; sourceTree = "<group>"; };
		E11A8513208D3E75001B1AE6 /* Base */ = {isa = PBXFileReference; lastKnownFileType = file.storyboard; name = Base; path = Base.lproj/Main.storyboard; sourceTree = "<group>"; };
		E11A8515208D3E75001B1AE6 /* Assets.xcassets */ = {isa = PBXFileReference; lastKnownFileType = folder.assetcatalog; path = Assets.xcassets; sourceTree = "<group>"; };
		E11A8518208D3E75001B1AE6 /* Base */ = {isa = PBXFileReference; lastKnownFileType = file.storyboard; name = Base; path = Base.lproj/LaunchScreen.storyboard; sourceTree = "<group>"; };
		E11A851A208D3E75001B1AE6 /* Info.plist */ = {isa = PBXFileReference; lastKnownFileType = text.plist.xml; path = Info.plist; sourceTree = "<group>"; };
		E11A851F208D3E75001B1AE6 /* GridTestTests.xctest */ = {isa = PBXFileReference; explicitFileType = wrapper.cfbundle; includeInIndex = 0; path = GridTestTests.xctest; sourceTree = BUILT_PRODUCTS_DIR; };
		E11A8523208D3E75001B1AE6 /* GridTestTests.swift */ = {isa = PBXFileReference; lastKnownFileType = sourcecode.swift; path = GridTestTests.swift; sourceTree = "<group>"; };
		E11A8525208D3E75001B1AE6 /* Info.plist */ = {isa = PBXFileReference; lastKnownFileType = text.plist.xml; path = Info.plist; sourceTree = "<group>"; };
		E11A852A208D3E75001B1AE6 /* GridTestUITests.xctest */ = {isa = PBXFileReference; explicitFileType = wrapper.cfbundle; includeInIndex = 0; path = GridTestUITests.xctest; sourceTree = BUILT_PRODUCTS_DIR; };
		E11A852E208D3E75001B1AE6 /* GridTestUITests.swift */ = {isa = PBXFileReference; lastKnownFileType = sourcecode.swift; path = GridTestUITests.swift; sourceTree = "<group>"; };
		E11A8530208D3E75001B1AE6 /* Info.plist */ = {isa = PBXFileReference; lastKnownFileType = text.plist.xml; path = Info.plist; sourceTree = "<group>"; };
		E11A853C208D3E89001B1AE6 /* Grid.swift */ = {isa = PBXFileReference; fileEncoding = 4; lastKnownFileType = sourcecode.swift; name = Grid.swift; path = ../Grid.swift; sourceTree = "<group>"; };
		E184FCCC2091A5BD004D45F9 /* GameOverScene.swift */ = {isa = PBXFileReference; fileEncoding = 4; lastKnownFileType = sourcecode.swift; path = GameOverScene.swift; sourceTree = "<group>"; };
		E184FCCE2091B8DF004D45F9 /* pacman_beginning.wav */ = {isa = PBXFileReference; lastKnownFileType = audio.wav; path = pacman_beginning.wav; sourceTree = "<group>"; };
		E184FCCF2091B8DF004D45F9 /* pacman_chomp.wav */ = {isa = PBXFileReference; lastKnownFileType = audio.wav; path = pacman_chomp.wav; sourceTree = "<group>"; };
		E184FCD02091B8DF004D45F9 /* pacman_death.wav */ = {isa = PBXFileReference; lastKnownFileType = audio.wav; path = pacman_death.wav; sourceTree = "<group>"; };
		E184FCD12091B8DF004D45F9 /* pacman_eatfruit.wav */ = {isa = PBXFileReference; lastKnownFileType = audio.wav; path = pacman_eatfruit.wav; sourceTree = "<group>"; };
		E184FCD22091B8DF004D45F9 /* pacman_eatghost.wav */ = {isa = PBXFileReference; lastKnownFileType = audio.wav; path = pacman_eatghost.wav; sourceTree = "<group>"; };
		E184FCD32091B8DF004D45F9 /* pacman_intermission.wav */ = {isa = PBXFileReference; lastKnownFileType = audio.wav; path = pacman_intermission.wav; sourceTree = "<group>"; };
		E184FCDA2091BCD5004D45F9 /* VictoryScene.swift */ = {isa = PBXFileReference; fileEncoding = 4; lastKnownFileType = sourcecode.swift; path = VictoryScene.swift; sourceTree = "<group>"; };
		E1D6A0F5208D41680012F21B /* map.txt */ = {isa = PBXFileReference; fileEncoding = 4; lastKnownFileType = text; path = map.txt; sourceTree = "<group>"; };
		E1D6A0F7208D47660012F21B /* BreadthFirstSearch.swift */ = {isa = PBXFileReference; fileEncoding = 4; lastKnownFileType = sourcecode.swift; path = BreadthFirstSearch.swift; sourceTree = "<group>"; };
		E1D6A0F9208D4A4D0012F21B /* Structures.swift */ = {isa = PBXFileReference; fileEncoding = 4; lastKnownFileType = sourcecode.swift; path = Structures.swift; sourceTree = "<group>"; };
		E1D6A0FB208D4DB20012F21B /* MapManager.swift */ = {isa = PBXFileReference; fileEncoding = 4; lastKnownFileType = sourcecode.swift; path = MapManager.swift; sourceTree = "<group>"; };
/* End PBXFileReference section */

/* Begin PBXFrameworksBuildPhase section */
		E11A8502208D3E75001B1AE6 /* Frameworks */ = {
			isa = PBXFrameworksBuildPhase;
			buildActionMask = 2147483647;
			files = (
			);
			runOnlyForDeploymentPostprocessing = 0;
		};
		E11A851C208D3E75001B1AE6 /* Frameworks */ = {
			isa = PBXFrameworksBuildPhase;
			buildActionMask = 2147483647;
			files = (
			);
			runOnlyForDeploymentPostprocessing = 0;
		};
		E11A8527208D3E75001B1AE6 /* Frameworks */ = {
			isa = PBXFrameworksBuildPhase;
			buildActionMask = 2147483647;
			files = (
			);
			runOnlyForDeploymentPostprocessing = 0;
		};
/* End PBXFrameworksBuildPhase section */

/* Begin PBXGroup section */
		E11A84FC208D3E75001B1AE6 = {
			isa = PBXGroup;
			children = (
				E11A8507208D3E75001B1AE6 /* GridTest */,
				E11A8522208D3E75001B1AE6 /* GridTestTests */,
				E11A852D208D3E75001B1AE6 /* GridTestUITests */,
				E11A8506208D3E75001B1AE6 /* Products */,
			);
			sourceTree = "<group>";
		};
		E11A8506208D3E75001B1AE6 /* Products */ = {
			isa = PBXGroup;
			children = (
				E11A8505208D3E75001B1AE6 /* GridTest.app */,
				E11A851F208D3E75001B1AE6 /* GridTestTests.xctest */,
				E11A852A208D3E75001B1AE6 /* GridTestUITests.xctest */,
			);
			name = Products;
			sourceTree = "<group>";
		};
		E11A8507208D3E75001B1AE6 /* GridTest */ = {
			isa = PBXGroup;
			children = (
				E11A8508208D3E75001B1AE6 /* AppDelegate.swift */,
				E11A850C208D3E75001B1AE6 /* Actions.sks */,
				E11A853C208D3E89001B1AE6 /* Grid.swift */,
				E11A850E208D3E75001B1AE6 /* GameScene.swift */,
				E184FCCC2091A5BD004D45F9 /* GameOverScene.swift */,
				E184FCDA2091BCD5004D45F9 /* VictoryScene.swift */,
				E1D6A0F7208D47660012F21B /* BreadthFirstSearch.swift */,
				E1D6A0FB208D4DB20012F21B /* MapManager.swift */,
				E1D6A0F9208D4A4D0012F21B /* Structures.swift */,
				E11A8510208D3E75001B1AE6 /* GameViewController.swift */,
				E11A8512208D3E75001B1AE6 /* Main.storyboard */,
				E11A8515208D3E75001B1AE6 /* Assets.xcassets */,
				E184FCDC2091BEB6004D45F9 /* Sounds */,
				E11A8517208D3E75001B1AE6 /* LaunchScreen.storyboard */,
				E11A851A208D3E75001B1AE6 /* Info.plist */,
				E1D6A0F5208D41680012F21B /* map.txt */,
			);
			path = GridTest;
			sourceTree = "<group>";
		};
		E11A8522208D3E75001B1AE6 /* GridTestTests */ = {
			isa = PBXGroup;
			children = (
				E11A8523208D3E75001B1AE6 /* GridTestTests.swift */,
				E11A8525208D3E75001B1AE6 /* Info.plist */,
			);
			path = GridTestTests;
			sourceTree = "<group>";
		};
		E11A852D208D3E75001B1AE6 /* GridTestUITests */ = {
			isa = PBXGroup;
			children = (
				E11A852E208D3E75001B1AE6 /* GridTestUITests.swift */,
				E11A8530208D3E75001B1AE6 /* Info.plist */,
			);
			path = GridTestUITests;
			sourceTree = "<group>";
		};
		E184FCDC2091BEB6004D45F9 /* Sounds */ = {
			isa = PBXGroup;
			children = (
				E184FCCF2091B8DF004D45F9 /* pacman_chomp.wav */,
				E184FCD02091B8DF004D45F9 /* pacman_death.wav */,
				E184FCD12091B8DF004D45F9 /* pacman_eatfruit.wav */,
				E184FCD22091B8DF004D45F9 /* pacman_eatghost.wav */,
				E184FCD32091B8DF004D45F9 /* pacman_intermission.wav */,
				E184FCCE2091B8DF004D45F9 /* pacman_beginning.wav */,
			);
			name = Sounds;
			sourceTree = "<group>";
		};
/* End PBXGroup section */

/* Begin PBXNativeTarget section */
		E11A8504208D3E75001B1AE6 /* GridTest */ = {
			isa = PBXNativeTarget;
			buildConfigurationList = E11A8533208D3E75001B1AE6 /* Build configuration list for PBXNativeTarget "GridTest" */;
			buildPhases = (
				E11A8501208D3E75001B1AE6 /* Sources */,
				E11A8502208D3E75001B1AE6 /* Frameworks */,
				E11A8503208D3E75001B1AE6 /* Resources */,
			);
			buildRules = (
			);
			dependencies = (
			);
			name = GridTest;
			productName = GridTest;
			productReference = E11A8505208D3E75001B1AE6 /* GridTest.app */;
			productType = "com.apple.product-type.application";
		};
		E11A851E208D3E75001B1AE6 /* GridTestTests */ = {
			isa = PBXNativeTarget;
			buildConfigurationList = E11A8536208D3E75001B1AE6 /* Build configuration list for PBXNativeTarget "GridTestTests" */;
			buildPhases = (
				E11A851B208D3E75001B1AE6 /* Sources */,
				E11A851C208D3E75001B1AE6 /* Frameworks */,
				E11A851D208D3E75001B1AE6 /* Resources */,
			);
			buildRules = (
			);
			dependencies = (
				E11A8521208D3E75001B1AE6 /* PBXTargetDependency */,
			);
			name = GridTestTests;
			productName = GridTestTests;
			productReference = E11A851F208D3E75001B1AE6 /* GridTestTests.xctest */;
			productType = "com.apple.product-type.bundle.unit-test";
		};
		E11A8529208D3E75001B1AE6 /* GridTestUITests */ = {
			isa = PBXNativeTarget;
			buildConfigurationList = E11A8539208D3E75001B1AE6 /* Build configuration list for PBXNativeTarget "GridTestUITests" */;
			buildPhases = (
				E11A8526208D3E75001B1AE6 /* Sources */,
				E11A8527208D3E75001B1AE6 /* Frameworks */,
				E11A8528208D3E75001B1AE6 /* Resources */,
			);
			buildRules = (
			);
			dependencies = (
				E11A852C208D3E75001B1AE6 /* PBXTargetDependency */,
			);
			name = GridTestUITests;
			productName = GridTestUITests;
			productReference = E11A852A208D3E75001B1AE6 /* GridTestUITests.xctest */;
			productType = "com.apple.product-type.bundle.ui-testing";
		};
/* End PBXNativeTarget section */

/* Begin PBXProject section */
		E11A84FD208D3E75001B1AE6 /* Project object */ = {
			isa = PBXProject;
			attributes = {
				LastSwiftUpdateCheck = 0830;
				LastUpgradeCheck = 0930;
				ORGANIZATIONNAME = "Robert Herrera";
				TargetAttributes = {
					E11A8504208D3E75001B1AE6 = {
						CreatedOnToolsVersion = 8.3.3;
						DevelopmentTeam = 4C8DVYK88S;
						LastSwiftMigration = 0930;
						ProvisioningStyle = Automatic;
					};
					E11A851E208D3E75001B1AE6 = {
						CreatedOnToolsVersion = 8.3.3;
						LastSwiftMigration = 0930;
						ProvisioningStyle = Automatic;
						TestTargetID = E11A8504208D3E75001B1AE6;
					};
					E11A8529208D3E75001B1AE6 = {
						CreatedOnToolsVersion = 8.3.3;
						LastSwiftMigration = 0930;
						ProvisioningStyle = Automatic;
						TestTargetID = E11A8504208D3E75001B1AE6;
					};
				};
			};
			buildConfigurationList = E11A8500208D3E75001B1AE6 /* Build configuration list for PBXProject "GridTest" */;
			compatibilityVersion = "Xcode 3.2";
			developmentRegion = English;
			hasScannedForEncodings = 0;
			knownRegions = (
				en,
				Base,
			);
			mainGroup = E11A84FC208D3E75001B1AE6;
			productRefGroup = E11A8506208D3E75001B1AE6 /* Products */;
			projectDirPath = "";
			projectRoot = "";
			targets = (
				E11A8504208D3E75001B1AE6 /* GridTest */,
				E11A851E208D3E75001B1AE6 /* GridTestTests */,
				E11A8529208D3E75001B1AE6 /* GridTestUITests */,
			);
		};
/* End PBXProject section */

/* Begin PBXResourcesBuildPhase section */
		E11A8503208D3E75001B1AE6 /* Resources */ = {
			isa = PBXResourcesBuildPhase;
			buildActionMask = 2147483647;
			files = (
				E11A8514208D3E75001B1AE6 /* Main.storyboard in Resources */,
				E184FCD72091B8DF004D45F9 /* pacman_eatfruit.wav in Resources */,
				E184FCD62091B8DF004D45F9 /* pacman_death.wav in Resources */,
				E184FCD92091B8DF004D45F9 /* pacman_intermission.wav in Resources */,
				E184FCD82091B8DF004D45F9 /* pacman_eatghost.wav in Resources */,
				E184FCD52091B8DF004D45F9 /* pacman_chomp.wav in Resources */,
				E11A8516208D3E75001B1AE6 /* Assets.xcassets in Resources */,
				E184FCD42091B8DF004D45F9 /* pacman_beginning.wav in Resources */,
				E1D6A0F6208D41680012F21B /* map.txt in Resources */,
				E11A8519208D3E75001B1AE6 /* LaunchScreen.storyboard in Resources */,
				E11A850D208D3E75001B1AE6 /* Actions.sks in Resources */,
			);
			runOnlyForDeploymentPostprocessing = 0;
		};
		E11A851D208D3E75001B1AE6 /* Resources */ = {
			isa = PBXResourcesBuildPhase;
			buildActionMask = 2147483647;
			files = (
			);
			runOnlyForDeploymentPostprocessing = 0;
		};
		E11A8528208D3E75001B1AE6 /* Resources */ = {
			isa = PBXResourcesBuildPhase;
			buildActionMask = 2147483647;
			files = (
			);
			runOnlyForDeploymentPostprocessing = 0;
		};
/* End PBXResourcesBuildPhase section */

/* Begin PBXSourcesBuildPhase section */
		E11A8501208D3E75001B1AE6 /* Sources */ = {
			isa = PBXSourcesBuildPhase;
			buildActionMask = 2147483647;
			files = (
				E11A850F208D3E75001B1AE6 /* GameScene.swift in Sources */,
				E1D6A0FA208D4A4D0012F21B /* Structures.swift in Sources */,
				E184FCDB2091BCD5004D45F9 /* VictoryScene.swift in Sources */,
				E11A8511208D3E75001B1AE6 /* GameViewController.swift in Sources */,
				E1D6A0F8208D47660012F21B /* BreadthFirstSearch.swift in Sources */,
				E1D6A0FC208D4DB20012F21B /* MapManager.swift in Sources */,
				E11A8509208D3E75001B1AE6 /* AppDelegate.swift in Sources */,
				E184FCCD2091A5BD004D45F9 /* GameOverScene.swift in Sources */,
				E11A853D208D3E89001B1AE6 /* Grid.swift in Sources */,
			);
			runOnlyForDeploymentPostprocessing = 0;
		};
		E11A851B208D3E75001B1AE6 /* Sources */ = {
			isa = PBXSourcesBuildPhase;
			buildActionMask = 2147483647;
			files = (
				E11A8524208D3E75001B1AE6 /* GridTestTests.swift in Sources */,
			);
			runOnlyForDeploymentPostprocessing = 0;
		};
		E11A8526208D3E75001B1AE6 /* Sources */ = {
			isa = PBXSourcesBuildPhase;
			buildActionMask = 2147483647;
			files = (
				E11A852F208D3E75001B1AE6 /* GridTestUITests.swift in Sources */,
			);
			runOnlyForDeploymentPostprocessing = 0;
		};
/* End PBXSourcesBuildPhase section */

/* Begin PBXTargetDependency section */
		E11A8521208D3E75001B1AE6 /* PBXTargetDependency */ = {
			isa = PBXTargetDependency;
			target = E11A8504208D3E75001B1AE6 /* GridTest */;
			targetProxy = E11A8520208D3E75001B1AE6 /* PBXContainerItemProxy */;
		};
		E11A852C208D3E75001B1AE6 /* PBXTargetDependency */ = {
			isa = PBXTargetDependency;
			target = E11A8504208D3E75001B1AE6 /* GridTest */;
			targetProxy = E11A852B208D3E75001B1AE6 /* PBXContainerItemProxy */;
		};
/* End PBXTargetDependency section */

/* Begin PBXVariantGroup section */
		E11A8512208D3E75001B1AE6 /* Main.storyboard */ = {
			isa = PBXVariantGroup;
			children = (
				E11A8513208D3E75001B1AE6 /* Base */,
			);
			name = Main.storyboard;
			sourceTree = "<group>";
		};
		E11A8517208D3E75001B1AE6 /* LaunchScreen.storyboard */ = {
			isa = PBXVariantGroup;
			children = (
				E11A8518208D3E75001B1AE6 /* Base */,
			);
			name = LaunchScreen.storyboard;
			sourceTree = "<group>";
		};
/* End PBXVariantGroup section */

/* Begin XCBuildConfiguration section */
		E11A8531208D3E75001B1AE6 /* Debug */ = {
			isa = XCBuildConfiguration;
			buildSettings = {
				ALWAYS_SEARCH_USER_PATHS = NO;
				CLANG_ANALYZER_NONNULL = YES;
				CLANG_ANALYZER_NUMBER_OBJECT_CONVERSION = YES_AGGRESSIVE;
				CLANG_CXX_LANGUAGE_STANDARD = "gnu++0x";
				CLANG_CXX_LIBRARY = "libc++";
				CLANG_ENABLE_MODULES = YES;
				CLANG_ENABLE_OBJC_ARC = YES;
				CLANG_WARN_BLOCK_CAPTURE_AUTORELEASING = YES;
				CLANG_WARN_BOOL_CONVERSION = YES;
				CLANG_WARN_COMMA = YES;
				CLANG_WARN_CONSTANT_CONVERSION = YES;
				CLANG_WARN_DEPRECATED_OBJC_IMPLEMENTATIONS = YES;
				CLANG_WARN_DIRECT_OBJC_ISA_USAGE = YES_ERROR;
				CLANG_WARN_DOCUMENTATION_COMMENTS = YES;
				CLANG_WARN_EMPTY_BODY = YES;
				CLANG_WARN_ENUM_CONVERSION = YES;
				CLANG_WARN_INFINITE_RECURSION = YES;
				CLANG_WARN_INT_CONVERSION = YES;
				CLANG_WARN_NON_LITERAL_NULL_CONVERSION = YES;
				CLANG_WARN_OBJC_IMPLICIT_RETAIN_SELF = YES;
				CLANG_WARN_OBJC_LITERAL_CONVERSION = YES;
				CLANG_WARN_OBJC_ROOT_CLASS = YES_ERROR;
				CLANG_WARN_RANGE_LOOP_ANALYSIS = YES;
				CLANG_WARN_STRICT_PROTOTYPES = YES;
				CLANG_WARN_SUSPICIOUS_MOVE = YES;
				CLANG_WARN_UNREACHABLE_CODE = YES;
				CLANG_WARN__DUPLICATE_METHOD_MATCH = YES;
				"CODE_SIGN_IDENTITY[sdk=iphoneos*]" = "iPhone Developer";
				COPY_PHASE_STRIP = NO;
				DEBUG_INFORMATION_FORMAT = dwarf;
				ENABLE_STRICT_OBJC_MSGSEND = YES;
				ENABLE_TESTABILITY = YES;
				GCC_C_LANGUAGE_STANDARD = gnu99;
				GCC_DYNAMIC_NO_PIC = NO;
				GCC_NO_COMMON_BLOCKS = YES;
				GCC_OPTIMIZATION_LEVEL = 0;
				GCC_PREPROCESSOR_DEFINITIONS = (
					"DEBUG=1",
					"$(inherited)",
				);
				GCC_WARN_64_TO_32_BIT_CONVERSION = YES;
				GCC_WARN_ABOUT_RETURN_TYPE = YES_ERROR;
				GCC_WARN_UNDECLARED_SELECTOR = YES;
				GCC_WARN_UNINITIALIZED_AUTOS = YES_AGGRESSIVE;
				GCC_WARN_UNUSED_FUNCTION = YES;
				GCC_WARN_UNUSED_VARIABLE = YES;
				IPHONEOS_DEPLOYMENT_TARGET = 10.3;
				MTL_ENABLE_DEBUG_INFO = YES;
				ONLY_ACTIVE_ARCH = YES;
				SDKROOT = iphoneos;
				SWIFT_ACTIVE_COMPILATION_CONDITIONS = DEBUG;
				SWIFT_OPTIMIZATION_LEVEL = "-Onone";
				TARGETED_DEVICE_FAMILY = "1,2";
			};
			name = Debug;
		};
		E11A8532208D3E75001B1AE6 /* Release */ = {
			isa = XCBuildConfiguration;
			buildSettings = {
				ALWAYS_SEARCH_USER_PATHS = NO;
				CLANG_ANALYZER_NONNULL = YES;
				CLANG_ANALYZER_NUMBER_OBJECT_CONVERSION = YES_AGGRESSIVE;
				CLANG_CXX_LANGUAGE_STANDARD = "gnu++0x";
				CLANG_CXX_LIBRARY = "libc++";
				CLANG_ENABLE_MODULES = YES;
				CLANG_ENABLE_OBJC_ARC = YES;
				CLANG_WARN_BLOCK_CAPTURE_AUTORELEASING = YES;
				CLANG_WARN_BOOL_CONVERSION = YES;
				CLANG_WARN_COMMA = YES;
				CLANG_WARN_CONSTANT_CONVERSION = YES;
				CLANG_WARN_DEPRECATED_OBJC_IMPLEMENTATIONS = YES;
				CLANG_WARN_DIRECT_OBJC_ISA_USAGE = YES_ERROR;
				CLANG_WARN_DOCUMENTATION_COMMENTS = YES;
				CLANG_WARN_EMPTY_BODY = YES;
				CLANG_WARN_ENUM_CONVERSION = YES;
				CLANG_WARN_INFINITE_RECURSION = YES;
				CLANG_WARN_INT_CONVERSION = YES;
				CLANG_WARN_NON_LITERAL_NULL_CONVERSION = YES;
				CLANG_WARN_OBJC_IMPLICIT_RETAIN_SELF = YES;
				CLANG_WARN_OBJC_LITERAL_CONVERSION = YES;
				CLANG_WARN_OBJC_ROOT_CLASS = YES_ERROR;
				CLANG_WARN_RANGE_LOOP_ANALYSIS = YES;
				CLANG_WARN_STRICT_PROTOTYPES = YES;
				CLANG_WARN_SUSPICIOUS_MOVE = YES;
				CLANG_WARN_UNREACHABLE_CODE = YES;
				CLANG_WARN__DUPLICATE_METHOD_MATCH = YES;
				"CODE_SIGN_IDENTITY[sdk=iphoneos*]" = "iPhone Developer";
				COPY_PHASE_STRIP = NO;
				DEBUG_INFORMATION_FORMAT = "dwarf-with-dsym";
				ENABLE_NS_ASSERTIONS = NO;
				ENABLE_STRICT_OBJC_MSGSEND = YES;
				GCC_C_LANGUAGE_STANDARD = gnu99;
				GCC_NO_COMMON_BLOCKS = YES;
				GCC_WARN_64_TO_32_BIT_CONVERSION = YES;
				GCC_WARN_ABOUT_RETURN_TYPE = YES_ERROR;
				GCC_WARN_UNDECLARED_SELECTOR = YES;
				GCC_WARN_UNINITIALIZED_AUTOS = YES_AGGRESSIVE;
				GCC_WARN_UNUSED_FUNCTION = YES;
				GCC_WARN_UNUSED_VARIABLE = YES;
				IPHONEOS_DEPLOYMENT_TARGET = 10.3;
				MTL_ENABLE_DEBUG_INFO = NO;
				SDKROOT = iphoneos;
				SWIFT_OPTIMIZATION_LEVEL = "-Owholemodule";
				TARGETED_DEVICE_FAMILY = "1,2";
				VALIDATE_PRODUCT = YES;
			};
			name = Release;
		};
		E11A8534208D3E75001B1AE6 /* Debug */ = {
			isa = XCBuildConfiguration;
			buildSettings = {
				ASSETCATALOG_COMPILER_APPICON_NAME = AppIcon;
				DEVELOPMENT_TEAM = 4C8DVYK88S;
				INFOPLIST_FILE = GridTest/Info.plist;
				LD_RUNPATH_SEARCH_PATHS = "$(inherited) @executable_path/Frameworks";
				PRODUCT_BUNDLE_IDENTIFIER = com.Robert.audio.GridTest;
				PRODUCT_NAME = "$(TARGET_NAME)";
				SWIFT_SWIFT3_OBJC_INFERENCE = On;
				SWIFT_VERSION = 4.0;
			};
			name = Debug;
		};
		E11A8535208D3E75001B1AE6 /* Release */ = {
			isa = XCBuildConfiguration;
			buildSettings = {
				ASSETCATALOG_COMPILER_APPICON_NAME = AppIcon;
				DEVELOPMENT_TEAM = 4C8DVYK88S;
				INFOPLIST_FILE = GridTest/Info.plist;
				LD_RUNPATH_SEARCH_PATHS = "$(inherited) @executable_path/Frameworks";
				PRODUCT_BUNDLE_IDENTIFIER = com.Robert.audio.GridTest;
				PRODUCT_NAME = "$(TARGET_NAME)";
				SWIFT_SWIFT3_OBJC_INFERENCE = On;
				SWIFT_VERSION = 4.0;
			};
			name = Release;
		};
		E11A8537208D3E75001B1AE6 /* Debug */ = {
			isa = XCBuildConfiguration;
			buildSettings = {
				ALWAYS_EMBED_SWIFT_STANDARD_LIBRARIES = YES;
				BUNDLE_LOADER = "$(TEST_HOST)";
				INFOPLIST_FILE = GridTestTests/Info.plist;
				LD_RUNPATH_SEARCH_PATHS = "$(inherited) @executable_path/Frameworks @loader_path/Frameworks";
				PRODUCT_BUNDLE_IDENTIFIER = com.Robert.audio.GridTestTests;
				PRODUCT_NAME = "$(TARGET_NAME)";
				SWIFT_SWIFT3_OBJC_INFERENCE = On;
				SWIFT_VERSION = 4.0;
				TEST_HOST = "$(BUILT_PRODUCTS_DIR)/GridTest.app/GridTest";
			};
			name = Debug;
		};
		E11A8538208D3E75001B1AE6 /* Release */ = {
			isa = XCBuildConfiguration;
			buildSettings = {
				ALWAYS_EMBED_SWIFT_STANDARD_LIBRARIES = YES;
				BUNDLE_LOADER = "$(TEST_HOST)";
				INFOPLIST_FILE = GridTestTests/Info.plist;
				LD_RUNPATH_SEARCH_PATHS = "$(inherited) @executable_path/Frameworks @loader_path/Frameworks";
				PRODUCT_BUNDLE_IDENTIFIER = com.Robert.audio.GridTestTests;
				PRODUCT_NAME = "$(TARGET_NAME)";
				SWIFT_SWIFT3_OBJC_INFERENCE = On;
				SWIFT_VERSION = 4.0;
				TEST_HOST = "$(BUILT_PRODUCTS_DIR)/GridTest.app/GridTest";
			};
			name = Release;
		};
		E11A853A208D3E75001B1AE6 /* Debug */ = {
			isa = XCBuildConfiguration;
			buildSettings = {
				ALWAYS_EMBED_SWIFT_STANDARD_LIBRARIES = YES;
				INFOPLIST_FILE = GridTestUITests/Info.plist;
				LD_RUNPATH_SEARCH_PATHS = "$(inherited) @executable_path/Frameworks @loader_path/Frameworks";
				PRODUCT_BUNDLE_IDENTIFIER = com.Robert.audio.GridTestUITests;
				PRODUCT_NAME = "$(TARGET_NAME)";
				SWIFT_SWIFT3_OBJC_INFERENCE = On;
				SWIFT_VERSION = 4.0;
				TEST_TARGET_NAME = GridTest;
			};
			name = Debug;
		};
		E11A853B208D3E75001B1AE6 /* Release */ = {
			isa = XCBuildConfiguration;
			buildSettings = {
				ALWAYS_EMBED_SWIFT_STANDARD_LIBRARIES = YES;
				INFOPLIST_FILE = GridTestUITests/Info.plist;
				LD_RUNPATH_SEARCH_PATHS = "$(inherited) @executable_path/Frameworks @loader_path/Frameworks";
				PRODUCT_BUNDLE_IDENTIFIER = com.Robert.audio.GridTestUITests;
				PRODUCT_NAME = "$(TARGET_NAME)";
				SWIFT_SWIFT3_OBJC_INFERENCE = On;
				SWIFT_VERSION = 4.0;
				TEST_TARGET_NAME = GridTest;
			};
			name = Release;
		};
/* End XCBuildConfiguration section */

/* Begin XCConfigurationList section */
		E11A8500208D3E75001B1AE6 /* Build configuration list for PBXProject "GridTest" */ = {
			isa = XCConfigurationList;
			buildConfigurations = (
				E11A8531208D3E75001B1AE6 /* Debug */,
				E11A8532208D3E75001B1AE6 /* Release */,
			);
			defaultConfigurationIsVisible = 0;
			defaultConfigurationName = Release;
		};
		E11A8533208D3E75001B1AE6 /* Build configuration list for PBXNativeTarget "GridTest" */ = {
			isa = XCConfigurationList;
			buildConfigurations = (
				E11A8534208D3E75001B1AE6 /* Debug */,
				E11A8535208D3E75001B1AE6 /* Release */,
			);
			defaultConfigurationIsVisible = 0;
			defaultConfigurationName = Release;
		};
		E11A8536208D3E75001B1AE6 /* Build configuration list for PBXNativeTarget "GridTestTests" */ = {
			isa = XCConfigurationList;
			buildConfigurations = (
				E11A8537208D3E75001B1AE6 /* Debug */,
				E11A8538208D3E75001B1AE6 /* Release */,
			);
			defaultConfigurationIsVisible = 0;
			defaultConfigurationName = Release;
		};
		E11A8539208D3E75001B1AE6 /* Build configuration list for PBXNativeTarget "GridTestUITests" */ = {
			isa = XCConfigurationList;
			buildConfigurations = (
				E11A853A208D3E75001B1AE6 /* Debug */,
				E11A853B208D3E75001B1AE6 /* Release */,
			);
			defaultConfigurationIsVisible = 0;
			defaultConfigurationName = Release;
		};
/* End XCConfigurationList section */
	};
	rootObject = E11A84FD208D3E75001B1AE6 /* Project object */;
}
